
Microsoft Visual Studio Solution File, Format Version 12.00
# Visual Studio Version 17
VisualStudioVersion = 17.0.31912.275
MinimumVisualStudioVersion = 10.0.40219.1
Project("{9A19103F-16F7-4668-BE54-9A1E7A4F7556}") = "GRLZOHO", "GRLZOHO\GRLZOHO.csproj", "{1243A5FC-B8D8-4952-8339-6002412E109D}"
EndProject
Project("{9A19103F-16F7-4668-BE54-9A1E7A4F7556}") = "Grl.Api", "Grl.Api\Grl.Api.csproj", "{778A7244-28F8-4911-8BF4-142293B9F1CC}"
EndProject
Project("{9A19103F-16F7-4668-BE54-9A1E7A4F7556}") = "Grl.TokenGeneration", "Grl.TokenGeneration\Grl.TokenGeneration.csproj", "{AC78CDA4-C5BE-4D1E-AA02-4A07E9D19939}"
EndProject
Global
	GlobalSection(SolutionConfigurationPlatforms) = preSolution
		Debug|Any CPU = Debug|Any CPU
		Release|Any CPU = Release|Any CPU
	EndGlobalSection
	GlobalSection(ProjectConfigurationPlatforms) = postSolution
		{1243A5FC-B8D8-4952-8339-6002412E109D}.Debug|Any CPU.ActiveCfg = Debug|Any CPU
		{1243A5FC-B8D8-4952-8339-6002412E109D}.Debug|Any CPU.Build.0 = Debug|Any CPU
		{1243A5FC-B8D8-4952-8339-6002412E109D}.Release|Any CPU.ActiveCfg = Release|Any CPU
		{1243A5FC-B8D8-4952-8339-6002412E109D}.Release|Any CPU.Build.0 = Release|Any CPU
		{778A7244-28F8-4911-8BF4-142293B9F1CC}.Debug|Any CPU.ActiveCfg = Debug|Any CPU
		{778A7244-28F8-4911-8BF4-142293B9F1CC}.Debug|Any CPU.Build.0 = Debug|Any CPU
		{778A7244-28F8-4911-8BF4-142293B9F1CC}.Release|Any CPU.ActiveCfg = Release|Any CPU
		{778A7244-28F8-4911-8BF4-142293B9F1CC}.Release|Any CPU.Build.0 = Release|Any CPU
		{AC78CDA4-C5BE-4D1E-AA02-4A07E9D19939}.Debug|Any CPU.ActiveCfg = Debug|Any CPU
		{AC78CDA4-C5BE-4D1E-AA02-4A07E9D19939}.Debug|Any CPU.Build.0 = Debug|Any CPU
		{AC78CDA4-C5BE-4D1E-AA02-4A07E9D19939}.Release|Any CPU.ActiveCfg = Release|Any CPU
		{AC78CDA4-C5BE-4D1E-AA02-4A07E9D19939}.Release|Any CPU.Build.0 = Release|Any CPU
	EndGlobalSection
	GlobalSection(SolutionProperties) = preSolution
		HideSolutionNode = FALSE
	EndGlobalSection
	GlobalSection(ExtensibilityGlobals) = postSolution
		SolutionGuid = {4E683BEE-E825-4547-87E1-8B43F612ED5A}
	EndGlobalSection
EndGlobal
